
Microsoft Visual Studio Solution File, Format Version 12.00
# Visual Studio Version 17
VisualStudioVersion = 17.6.33723.286
MinimumVisualStudioVersion = 10.0.40219.1
Project("{FAE04EC0-301F-11D3-BF4B-00C04F79EFBC}") = "DATN-ASPSERVER.API", "DATN-ASPSERVER.API\DATN-ASPSERVER.API.csproj", "{D7897757-9CD8-4D50-99EF-4E30FBE10A31}"
EndProject
Project("{FAE04EC0-301F-11D3-BF4B-00C04F79EFBC}") = "DATN-ASPSERVER.DOMAIN", "DATN-ASPSERVER.DOMAIN\DATN-ASPSERVER.DOMAIN.csproj", "{698ADA59-D829-453A-BA73-F5F4C12403DB}"
EndProject
Project("{FAE04EC0-301F-11D3-BF4B-00C04F79EFBC}") = "DATN-ASPSERVER.COMMON", "DATN-ASPSERVER.COMMON\DATN-ASPSERVER.COMMON.csproj", "{21B77A23-1795-4352-BFBF-D7603459940E}"
EndProject
Project("{FAE04EC0-301F-11D3-BF4B-00C04F79EFBC}") = "DATN-ASPSERVER.SERVICE", "DATN-ASPSERVER.SERVICE\DATN-ASPSERVER.SERVICE.csproj", "{72B02ED1-B6E8-4C74-A277-17A8DB1BAD38}"
EndProject
Project("{FAE04EC0-301F-11D3-BF4B-00C04F79EFBC}") = "DATN-ASPSERVER.INFRASTRUCTURE", "DATN-ASPSERVER.INFRASTRUCTURE\DATN-ASPSERVER.INFRASTRUCTURE.csproj", "{3A8CA3B5-4AD4-4286-92CF-C4640A668841}"
EndProject
Global
	GlobalSection(SolutionConfigurationPlatforms) = preSolution
		Debug|Any CPU = Debug|Any CPU
		Release|Any CPU = Release|Any CPU
	EndGlobalSection
	GlobalSection(ProjectConfigurationPlatforms) = postSolution
		{D7897757-9CD8-4D50-99EF-4E30FBE10A31}.Debug|Any CPU.ActiveCfg = Debug|Any CPU
		{D7897757-9CD8-4D50-99EF-4E30FBE10A31}.Debug|Any CPU.Build.0 = Debug|Any CPU
		{D7897757-9CD8-4D50-99EF-4E30FBE10A31}.Release|Any CPU.ActiveCfg = Release|Any CPU
		{D7897757-9CD8-4D50-99EF-4E30FBE10A31}.Release|Any CPU.Build.0 = Release|Any CPU
		{698ADA59-D829-453A-BA73-F5F4C12403DB}.Debug|Any CPU.ActiveCfg = Debug|Any CPU
		{698ADA59-D829-453A-BA73-F5F4C12403DB}.Debug|Any CPU.Build.0 = Debug|Any CPU
		{698ADA59-D829-453A-BA73-F5F4C12403DB}.Release|Any CPU.ActiveCfg = Release|Any CPU
		{698ADA59-D829-453A-BA73-F5F4C12403DB}.Release|Any CPU.Build.0 = Release|Any CPU
		{21B77A23-1795-4352-BFBF-D7603459940E}.Debug|Any CPU.ActiveCfg = Debug|Any CPU
		{21B77A23-1795-4352-BFBF-D7603459940E}.Debug|Any CPU.Build.0 = Debug|Any CPU
		{21B77A23-1795-4352-BFBF-D7603459940E}.Release|Any CPU.ActiveCfg = Release|Any CPU
		{21B77A23-1795-4352-BFBF-D7603459940E}.Release|Any CPU.Build.0 = Release|Any CPU
		{72B02ED1-B6E8-4C74-A277-17A8DB1BAD38}.Debug|Any CPU.ActiveCfg = Debug|Any CPU
		{72B02ED1-B6E8-4C74-A277-17A8DB1BAD38}.Debug|Any CPU.Build.0 = Debug|Any CPU
		{72B02ED1-B6E8-4C74-A277-17A8DB1BAD38}.Release|Any CPU.ActiveCfg = Release|Any CPU
		{72B02ED1-B6E8-4C74-A277-17A8DB1BAD38}.Release|Any CPU.Build.0 = Release|Any CPU
		{3A8CA3B5-4AD4-4286-92CF-C4640A668841}.Debug|Any CPU.ActiveCfg = Debug|Any CPU
		{3A8CA3B5-4AD4-4286-92CF-C4640A668841}.Debug|Any CPU.Build.0 = Debug|Any CPU
		{3A8CA3B5-4AD4-4286-92CF-C4640A668841}.Release|Any CPU.ActiveCfg = Release|Any CPU
		{3A8CA3B5-4AD4-4286-92CF-C4640A668841}.Release|Any CPU.Build.0 = Release|Any CPU
	EndGlobalSection
	GlobalSection(SolutionProperties) = preSolution
		HideSolutionNode = FALSE
	EndGlobalSection
	GlobalSection(ExtensibilityGlobals) = postSolution
		SolutionGuid = {48E7D34B-8BEB-4B08-819F-B5F52CA559DC}
	EndGlobalSection
EndGlobal
