
Microsoft Visual Studio Solution File, Format Version 12.00
# Visual Studio Version 17
VisualStudioVersion = 17.9.34714.143
MinimumVisualStudioVersion = 10.0.40219.1
Project("{FAE04EC0-301F-11D3-BF4B-00C04F79EFBC}") = "OrderServices", "OrderServices.csproj", "{5829CC4C-4429-4AEB-9658-29395B1E3F00}"
EndProject
Global
	GlobalSection(SolutionConfigurationPlatforms) = preSolution
		Debug|Any CPU = Debug|Any CPU
		Release|Any CPU = Release|Any CPU
	EndGlobalSection
	GlobalSection(ProjectConfigurationPlatforms) = postSolution
		{5829CC4C-4429-4AEB-9658-29395B1E3F00}.Debug|Any CPU.ActiveCfg = Debug|Any CPU
		{5829CC4C-4429-4AEB-9658-29395B1E3F00}.Debug|Any CPU.Build.0 = Debug|Any CPU
		{5829CC4C-4429-4AEB-9658-29395B1E3F00}.Release|Any CPU.ActiveCfg = Release|Any CPU
		{5829CC4C-4429-4AEB-9658-29395B1E3F00}.Release|Any CPU.Build.0 = Release|Any CPU
	EndGlobalSection
	GlobalSection(SolutionProperties) = preSolution
		HideSolutionNode = FALSE
	EndGlobalSection
	GlobalSection(ExtensibilityGlobals) = postSolution
		SolutionGuid = {C4D6171E-486A-437E-8576-50377B43F4F7}
	EndGlobalSection
EndGlobal
