
Microsoft Visual Studio Solution File, Format Version 12.00
# Visual Studio Version 17
VisualStudioVersion = 17.9.34714.143
MinimumVisualStudioVersion = 10.0.40219.1
Project("{2150E333-8FDC-42A3-9474-1A3956D46DE8}") = "Host", "Host", "{B98A02AF-9918-438D-9229-2FCF90F2A3C5}"
EndProject
Project("{2150E333-8FDC-42A3-9474-1A3956D46DE8}") = "Config", "Config", "{C97C860A-FDBF-459A-BCD9-7111FEBEC4E0}"
EndProject
Project("{2150E333-8FDC-42A3-9474-1A3956D46DE8}") = "Src", "Src", "{6F68E541-D252-4A34-95F0-9D4B3BC5C5AC}"
EndProject
Project("{FAE04EC0-301F-11D3-BF4B-00C04F79EFBC}") = "CAFE.Server.Main.API", "CAFE.Server.Main.API\CAFE.Server.Main.API.csproj", "{DFCEB85C-720E-4C19-8142-653DF2C2BAA5}"
EndProject
Project("{FAE04EC0-301F-11D3-BF4B-00C04F79EFBC}") = "CAFE.Server.Register.API", "CAFE.Server.Register.API\CAFE.Server.Register.API.csproj", "{CA374BDB-E0EA-4081-BB94-38EB1C052B57}"
EndProject
Project("{FAE04EC0-301F-11D3-BF4B-00C04F79EFBC}") = "CAFE.Server.Business.API", "CAFE.Server.Business.API\CAFE.Server.Business.API.csproj", "{1A316DDA-AE42-4E9A-AF96-E78C8C95F1CB}"
EndProject
Project("{FAE04EC0-301F-11D3-BF4B-00C04F79EFBC}") = "CAFE.Server.Auth.API", "CAFE.Server.Auth.API\CAFE.Server.Auth.API.csproj", "{0EB233CE-4264-470B-85CB-15E33DD04D31}"
EndProject
Project("{FAE04EC0-301F-11D3-BF4B-00C04F79EFBC}") = "CAFE.Server.Worker", "CAFE.Server.Worker\CAFE.Server.Worker.csproj", "{B6EBFB50-878D-451E-A3FD-CA992578EF6A}"
EndProject
Project("{2150E333-8FDC-42A3-9474-1A3956D46DE8}") = "Application", "Application", "{E7E35C00-345C-41CC-A019-76B2B9B388BC}"
EndProject
Project("{2150E333-8FDC-42A3-9474-1A3956D46DE8}") = "Domain", "Domain", "{4B2C8775-30B6-4516-9682-C966F5004503}"
EndProject
Project("{2150E333-8FDC-42A3-9474-1A3956D46DE8}") = "Library", "Library", "{8555F088-8039-47C4-911F-381099088C4D}"
EndProject
Project("{FAE04EC0-301F-11D3-BF4B-00C04F79EFBC}") = "CAFE.Server.Extension", "CAFE.Server.Extension\CAFE.Server.Extension.csproj", "{1AB3DA7F-F663-47D4-AAD2-D55084076558}"
EndProject
Project("{FAE04EC0-301F-11D3-BF4B-00C04F79EFBC}") = "CAFE.Server.HostBase", "CAFE.Server.HostBase\CAFE.Server.HostBase.csproj", "{B56F2DAB-5992-4964-9D56-F62D844A2DA6}"
EndProject
Project("{FAE04EC0-301F-11D3-BF4B-00C04F79EFBC}") = "CAFE.Server.HostBase.Api", "CAFE.Server.HostBase.Api\CAFE.Server.HostBase.Api.csproj", "{216AD59D-B7E1-4C7E-99E3-C94A30B6E0EF}"
EndProject
Project("{FAE04EC0-301F-11D3-BF4B-00C04F79EFBC}") = "CAFE.Server.Library", "CAFE.Server.Library\CAFE.Server.Library.csproj", "{ADD324D6-C4F7-40C4-B011-D20C6604072D}"
EndProject
Global
	GlobalSection(SolutionConfigurationPlatforms) = preSolution
		Debug|Any CPU = Debug|Any CPU
		Release|Any CPU = Release|Any CPU
	EndGlobalSection
	GlobalSection(ProjectConfigurationPlatforms) = postSolution
		{DFCEB85C-720E-4C19-8142-653DF2C2BAA5}.Debug|Any CPU.ActiveCfg = Debug|Any CPU
		{DFCEB85C-720E-4C19-8142-653DF2C2BAA5}.Debug|Any CPU.Build.0 = Debug|Any CPU
		{DFCEB85C-720E-4C19-8142-653DF2C2BAA5}.Release|Any CPU.ActiveCfg = Release|Any CPU
		{DFCEB85C-720E-4C19-8142-653DF2C2BAA5}.Release|Any CPU.Build.0 = Release|Any CPU
		{CA374BDB-E0EA-4081-BB94-38EB1C052B57}.Debug|Any CPU.ActiveCfg = Debug|Any CPU
		{CA374BDB-E0EA-4081-BB94-38EB1C052B57}.Debug|Any CPU.Build.0 = Debug|Any CPU
		{CA374BDB-E0EA-4081-BB94-38EB1C052B57}.Release|Any CPU.ActiveCfg = Release|Any CPU
		{CA374BDB-E0EA-4081-BB94-38EB1C052B57}.Release|Any CPU.Build.0 = Release|Any CPU
		{1A316DDA-AE42-4E9A-AF96-E78C8C95F1CB}.Debug|Any CPU.ActiveCfg = Debug|Any CPU
		{1A316DDA-AE42-4E9A-AF96-E78C8C95F1CB}.Debug|Any CPU.Build.0 = Debug|Any CPU
		{1A316DDA-AE42-4E9A-AF96-E78C8C95F1CB}.Release|Any CPU.ActiveCfg = Release|Any CPU
		{1A316DDA-AE42-4E9A-AF96-E78C8C95F1CB}.Release|Any CPU.Build.0 = Release|Any CPU
		{0EB233CE-4264-470B-85CB-15E33DD04D31}.Debug|Any CPU.ActiveCfg = Debug|Any CPU
		{0EB233CE-4264-470B-85CB-15E33DD04D31}.Debug|Any CPU.Build.0 = Debug|Any CPU
		{0EB233CE-4264-470B-85CB-15E33DD04D31}.Release|Any CPU.ActiveCfg = Release|Any CPU
		{0EB233CE-4264-470B-85CB-15E33DD04D31}.Release|Any CPU.Build.0 = Release|Any CPU
		{B6EBFB50-878D-451E-A3FD-CA992578EF6A}.Debug|Any CPU.ActiveCfg = Debug|Any CPU
		{B6EBFB50-878D-451E-A3FD-CA992578EF6A}.Debug|Any CPU.Build.0 = Debug|Any CPU
		{B6EBFB50-878D-451E-A3FD-CA992578EF6A}.Release|Any CPU.ActiveCfg = Release|Any CPU
		{B6EBFB50-878D-451E-A3FD-CA992578EF6A}.Release|Any CPU.Build.0 = Release|Any CPU
		{1AB3DA7F-F663-47D4-AAD2-D55084076558}.Debug|Any CPU.ActiveCfg = Debug|Any CPU
		{1AB3DA7F-F663-47D4-AAD2-D55084076558}.Debug|Any CPU.Build.0 = Debug|Any CPU
		{1AB3DA7F-F663-47D4-AAD2-D55084076558}.Release|Any CPU.ActiveCfg = Release|Any CPU
		{1AB3DA7F-F663-47D4-AAD2-D55084076558}.Release|Any CPU.Build.0 = Release|Any CPU
		{B56F2DAB-5992-4964-9D56-F62D844A2DA6}.Debug|Any CPU.ActiveCfg = Debug|Any CPU
		{B56F2DAB-5992-4964-9D56-F62D844A2DA6}.Debug|Any CPU.Build.0 = Debug|Any CPU
		{B56F2DAB-5992-4964-9D56-F62D844A2DA6}.Release|Any CPU.ActiveCfg = Release|Any CPU
		{B56F2DAB-5992-4964-9D56-F62D844A2DA6}.Release|Any CPU.Build.0 = Release|Any CPU
		{216AD59D-B7E1-4C7E-99E3-C94A30B6E0EF}.Debug|Any CPU.ActiveCfg = Debug|Any CPU
		{216AD59D-B7E1-4C7E-99E3-C94A30B6E0EF}.Debug|Any CPU.Build.0 = Debug|Any CPU
		{216AD59D-B7E1-4C7E-99E3-C94A30B6E0EF}.Release|Any CPU.ActiveCfg = Release|Any CPU
		{216AD59D-B7E1-4C7E-99E3-C94A30B6E0EF}.Release|Any CPU.Build.0 = Release|Any CPU
		{ADD324D6-C4F7-40C4-B011-D20C6604072D}.Debug|Any CPU.ActiveCfg = Debug|Any CPU
		{ADD324D6-C4F7-40C4-B011-D20C6604072D}.Debug|Any CPU.Build.0 = Debug|Any CPU
		{ADD324D6-C4F7-40C4-B011-D20C6604072D}.Release|Any CPU.ActiveCfg = Release|Any CPU
		{ADD324D6-C4F7-40C4-B011-D20C6604072D}.Release|Any CPU.Build.0 = Release|Any CPU
	EndGlobalSection
	GlobalSection(SolutionProperties) = preSolution
		HideSolutionNode = FALSE
	EndGlobalSection
	GlobalSection(NestedProjects) = preSolution
		{DFCEB85C-720E-4C19-8142-653DF2C2BAA5} = {B98A02AF-9918-438D-9229-2FCF90F2A3C5}
		{CA374BDB-E0EA-4081-BB94-38EB1C052B57} = {B98A02AF-9918-438D-9229-2FCF90F2A3C5}
		{1A316DDA-AE42-4E9A-AF96-E78C8C95F1CB} = {B98A02AF-9918-438D-9229-2FCF90F2A3C5}
		{0EB233CE-4264-470B-85CB-15E33DD04D31} = {B98A02AF-9918-438D-9229-2FCF90F2A3C5}
		{B6EBFB50-878D-451E-A3FD-CA992578EF6A} = {B98A02AF-9918-438D-9229-2FCF90F2A3C5}
		{E7E35C00-345C-41CC-A019-76B2B9B388BC} = {6F68E541-D252-4A34-95F0-9D4B3BC5C5AC}
		{4B2C8775-30B6-4516-9682-C966F5004503} = {6F68E541-D252-4A34-95F0-9D4B3BC5C5AC}
		{8555F088-8039-47C4-911F-381099088C4D} = {6F68E541-D252-4A34-95F0-9D4B3BC5C5AC}
		{1AB3DA7F-F663-47D4-AAD2-D55084076558} = {8555F088-8039-47C4-911F-381099088C4D}
		{B56F2DAB-5992-4964-9D56-F62D844A2DA6} = {8555F088-8039-47C4-911F-381099088C4D}
		{216AD59D-B7E1-4C7E-99E3-C94A30B6E0EF} = {8555F088-8039-47C4-911F-381099088C4D}
		{ADD324D6-C4F7-40C4-B011-D20C6604072D} = {8555F088-8039-47C4-911F-381099088C4D}
	EndGlobalSection
	GlobalSection(ExtensibilityGlobals) = postSolution
		SolutionGuid = {10B78F3A-3138-4EA5-8974-25B33509B416}
	EndGlobalSection
EndGlobal
