
Microsoft Visual Studio Solution File, Format Version 12.00
# Visual Studio Version 17
VisualStudioVersion = 17.9.34714.143
MinimumVisualStudioVersion = 10.0.40219.1
Project("{FAE04EC0-301F-11D3-BF4B-00C04F79EFBC}") = "MainService", "MainService.csproj", "{C988A6D9-3636-44CF-96C6-5E418FC5B4D6}"
EndProject
Global
	GlobalSection(SolutionConfigurationPlatforms) = preSolution
		Debug|Any CPU = Debug|Any CPU
		Release|Any CPU = Release|Any CPU
	EndGlobalSection
	GlobalSection(ProjectConfigurationPlatforms) = postSolution
		{C988A6D9-3636-44CF-96C6-5E418FC5B4D6}.Debug|Any CPU.ActiveCfg = Debug|Any CPU
		{C988A6D9-3636-44CF-96C6-5E418FC5B4D6}.Debug|Any CPU.Build.0 = Debug|Any CPU
		{C988A6D9-3636-44CF-96C6-5E418FC5B4D6}.Release|Any CPU.ActiveCfg = Release|Any CPU
		{C988A6D9-3636-44CF-96C6-5E418FC5B4D6}.Release|Any CPU.Build.0 = Release|Any CPU
	EndGlobalSection
	GlobalSection(SolutionProperties) = preSolution
		HideSolutionNode = FALSE
	EndGlobalSection
	GlobalSection(ExtensibilityGlobals) = postSolution
		SolutionGuid = {6DDF36D1-BA42-41EE-9F7D-C94A3B07FBC9}
	EndGlobalSection
EndGlobal
