
Microsoft Visual Studio Solution File, Format Version 12.00
# Visual Studio Version 17
VisualStudioVersion = 17.9.34714.143
MinimumVisualStudioVersion = 10.0.40219.1
Project("{FAE04EC0-301F-11D3-BF4B-00C04F79EFBC}") = "CommandServices", "CommandServices.csproj", "{5006E9E2-4440-46FC-9E3B-EA8B43775E59}"
EndProject
Global
	GlobalSection(SolutionConfigurationPlatforms) = preSolution
		Debug|Any CPU = Debug|Any CPU
		Release|Any CPU = Release|Any CPU
	EndGlobalSection
	GlobalSection(ProjectConfigurationPlatforms) = postSolution
		{5006E9E2-4440-46FC-9E3B-EA8B43775E59}.Debug|Any CPU.ActiveCfg = Debug|Any CPU
		{5006E9E2-4440-46FC-9E3B-EA8B43775E59}.Debug|Any CPU.Build.0 = Debug|Any CPU
		{5006E9E2-4440-46FC-9E3B-EA8B43775E59}.Release|Any CPU.ActiveCfg = Release|Any CPU
		{5006E9E2-4440-46FC-9E3B-EA8B43775E59}.Release|Any CPU.Build.0 = Release|Any CPU
	EndGlobalSection
	GlobalSection(SolutionProperties) = preSolution
		HideSolutionNode = FALSE
	EndGlobalSection
	GlobalSection(ExtensibilityGlobals) = postSolution
		SolutionGuid = {EFD2066B-96CC-4CF8-BD1D-B172D733CD82}
	EndGlobalSection
EndGlobal
